
Microsoft Visual Studio Solution File, Format Version 12.00
# Visual Studio Version 16
VisualStudioVersion = 16.0.30204.135
MinimumVisualStudioVersion = 10.0.40219.1
Project("{FAE04EC0-301F-11D3-BF4B-00C04F79EFBC}") = "HW", "HW\HW.csproj", "{D891450D-79B0-4588-8966-9A41F0741CAF}"
EndProject
Global
	GlobalSection(SolutionConfigurationPlatforms) = preSolution
		Debug|Any CPU = Debug|Any CPU
		Release|Any CPU = Release|Any CPU
	EndGlobalSection
	GlobalSection(ProjectConfigurationPlatforms) = postSolution
		{D891450D-79B0-4588-8966-9A41F0741CAF}.Debug|Any CPU.ActiveCfg = Debug|Any CPU
		{D891450D-79B0-4588-8966-9A41F0741CAF}.Debug|Any CPU.Build.0 = Debug|Any CPU
		{D891450D-79B0-4588-8966-9A41F0741CAF}.Release|Any CPU.ActiveCfg = Release|Any CPU
		{D891450D-79B0-4588-8966-9A41F0741CAF}.Release|Any CPU.Build.0 = Release|Any CPU
	EndGlobalSection
	GlobalSection(SolutionProperties) = preSolution
		HideSolutionNode = FALSE
	EndGlobalSection
	GlobalSection(ExtensibilityGlobals) = postSolution
		SolutionGuid = {682F3A8A-71B6-4761-9A76-D31F69895879}
	EndGlobalSection
EndGlobal
